// !$*UTF8*$!
{
	archiveVersion = 1;
	classes = {
	};
	objectVersion = 46;
	objects = {

/* Begin PBXBuildFile section */
		986405381E22E30A00858F99 /* AppDelegate.swift in Sources */ = {isa = PBXBuildFile; fileRef = 986405371E22E30A00858F99 /* AppDelegate.swift */; };
		9864053A1E22E30A00858F99 /* MainVC.swift in Sources */ = {isa = PBXBuildFile; fileRef = 986405391E22E30A00858F99 /* MainVC.swift */; };
		9864053D1E22E30A00858F99 /* Main.storyboard in Resources */ = {isa = PBXBuildFile; fileRef = 9864053B1E22E30A00858F99 /* Main.storyboard */; };
		9864053F1E22E30A00858F99 /* Assets.xcassets in Resources */ = {isa = PBXBuildFile; fileRef = 9864053E1E22E30A00858F99 /* Assets.xcassets */; };
		986405421E22E30A00858F99 /* LaunchScreen.storyboard in Resources */ = {isa = PBXBuildFile; fileRef = 986405401E22E30A00858F99 /* LaunchScreen.storyboard */; };
		9864054A1E22E6C700858F99 /* CustomRoundedButton.swift in Sources */ = {isa = PBXBuildFile; fileRef = 986405491E22E6C700858F99 /* CustomRoundedButton.swift */; };
		986405521E2316DE00858F99 /* _Cake By The Ocean.mp3 in Resources */ = {isa = PBXBuildFile; fileRef = 986405511E2316DE00858F99 /* _Cake By The Ocean.mp3 */; };
/* End PBXBuildFile section */

/* Begin PBXFileReference section */
		986405341E22E30A00858F99 /* LyricsGenerator.app */ = {isa = PBXFileReference; explicitFileType = wrapper.application; includeInIndex = 0; path = LyricsGenerator.app; sourceTree = BUILT_PRODUCTS_DIR; };
		986405371E22E30A00858F99 /* AppDelegate.swift */ = {isa = PBXFileReference; lastKnownFileType = sourcecode.swift; path = AppDelegate.swift; sourceTree = "<group>"; };
		986405391E22E30A00858F99 /* MainVC.swift */ = {isa = PBXFileReference; lastKnownFileType = sourcecode.swift; path = MainVC.swift; sourceTree = "<group>"; };
		9864053C1E22E30A00858F99 /* Base */ = {isa = PBXFileReference; lastKnownFileType = file.storyboard; name = Base; path = Base.lproj/Main.storyboard; sourceTree = "<group>"; };
		9864053E1E22E30A00858F99 /* Assets.xcassets */ = {isa = PBXFileReference; lastKnownFileType = folder.assetcatalog; path = Assets.xcassets; sourceTree = "<group>"; };
		986405411E22E30A00858F99 /* Base */ = {isa = PBXFileReference; lastKnownFileType = file.storyboard; name = Base; path = Base.lproj/LaunchScreen.storyboard; sourceTree = "<group>"; };
		986405431E22E30A00858F99 /* Info.plist */ = {isa = PBXFileReference; lastKnownFileType = text.plist.xml; path = Info.plist; sourceTree = "<group>"; };
		986405491E22E6C700858F99 /* CustomRoundedButton.swift */ = {isa = PBXFileReference; fileEncoding = 4; lastKnownFileType = sourcecode.swift; path = CustomRoundedButton.swift; sourceTree = "<group>"; };
		986405511E2316DE00858F99 /* _Cake By The Ocean.mp3 */ = {isa = PBXFileReference; lastKnownFileType = audio.mp3; path = "_Cake By The Ocean.mp3"; sourceTree = "<group>"; };
/* End PBXFileReference section */

/* Begin PBXFrameworksBuildPhase section */
		986405311E22E30A00858F99 /* Frameworks */ = {
			isa = PBXFrameworksBuildPhase;
			buildActionMask = 2147483647;
			files = (
			);
			runOnlyForDeploymentPostprocessing = 0;
		};
/* End PBXFrameworksBuildPhase section */

/* Begin PBXGroup section */
		9864052B1E22E30A00858F99 = {
			isa = PBXGroup;
			children = (
				986405361E22E30A00858F99 /* LyricsGenerator */,
				986405351E22E30A00858F99 /* Products */,
			);
			sourceTree = "<group>";
		};
		986405351E22E30A00858F99 /* Products */ = {
			isa = PBXGroup;
			children = (
				986405341E22E30A00858F99 /* LyricsGenerator.app */,
			);
			name = Products;
			sourceTree = "<group>";
		};
		986405361E22E30A00858F99 /* LyricsGenerator */ = {
			isa = PBXGroup;
			children = (
				986405371E22E30A00858F99 /* AppDelegate.swift */,
				986405491E22E6C700858F99 /* CustomRoundedButton.swift */,
				986405391E22E30A00858F99 /* MainVC.swift */,
				9864053B1E22E30A00858F99 /* Main.storyboard */,
				9864053E1E22E30A00858F99 /* Assets.xcassets */,
				986405401E22E30A00858F99 /* LaunchScreen.storyboard */,
				986405511E2316DE00858F99 /* _Cake By The Ocean.mp3 */,
				986405431E22E30A00858F99 /* Info.plist */,
			);
			path = LyricsGenerator;
			sourceTree = "<group>";
		};
/* End PBXGroup section */

/* Begin PBXNativeTarget section */
		986405331E22E30A00858F99 /* LyricsGenerator */ = {
			isa = PBXNativeTarget;
			buildConfigurationList = 986405461E22E30A00858F99 /* Build configuration list for PBXNativeTarget "LyricsGenerator" */;
			buildPhases = (
				986405301E22E30A00858F99 /* Sources */,
				986405311E22E30A00858F99 /* Frameworks */,
				986405321E22E30A00858F99 /* Resources */,
			);
			buildRules = (
			);
			dependencies = (
			);
			name = LyricsGenerator;
			productName = LyricsGenerator;
			productReference = 986405341E22E30A00858F99 /* LyricsGenerator.app */;
			productType = "com.apple.product-type.application";
		};
/* End PBXNativeTarget section */

/* Begin PBXProject section */
		9864052C1E22E30A00858F99 /* Project object */ = {
			isa = PBXProject;
			attributes = {
				LastSwiftUpdateCheck = 0820;
				LastUpgradeCheck = 0820;
				ORGANIZATIONNAME = "shashank kannam";
				TargetAttributes = {
					986405331E22E30A00858F99 = {
						CreatedOnToolsVersion = 8.2.1;
						ProvisioningStyle = Automatic;
					};
				};
			};
			buildConfigurationList = 9864052F1E22E30A00858F99 /* Build configuration list for PBXProject "LyricsGenerator" */;
			compatibilityVersion = "Xcode 3.2";
			developmentRegion = English;
			hasScannedForEncodings = 0;
			knownRegions = (
				en,
				Base,
			);
			mainGroup = 9864052B1E22E30A00858F99;
			productRefGroup = 986405351E22E30A00858F99 /* Products */;
			projectDirPath = "";
			projectRoot = "";
			targets = (
				986405331E22E30A00858F99 /* LyricsGenerator */,
			);
		};
/* End PBXProject section */

/* Begin PBXResourcesBuildPhase section */
		986405321E22E30A00858F99 /* Resources */ = {
			isa = PBXResourcesBuildPhase;
			buildActionMask = 2147483647;
			files = (
				986405421E22E30A00858F99 /* LaunchScreen.storyboard in Resources */,
				9864053F1E22E30A00858F99 /* Assets.xcassets in Resources */,
				9864053D1E22E30A00858F99 /* Main.storyboard in Resources */,
				986405521E2316DE00858F99 /* _Cake By The Ocean.mp3 in Resources */,
			);
			runOnlyForDeploymentPostprocessing = 0;
		};
/* End PBXResourcesBuildPhase section */

/* Begin PBXSourcesBuildPhase section */
		986405301E22E30A00858F99 /* Sources */ = {
			isa = PBXSourcesBuildPhase;
			buildActionMask = 2147483647;
			files = (
				9864054A1E22E6C700858F99 /* CustomRoundedButton.swift in Sources */,
				9864053A1E22E30A00858F99 /* MainVC.swift in Sources */,
				986405381E22E30A00858F99 /* AppDelegate.swift in Sources */,
			);
			runOnlyForDeploymentPostprocessing = 0;
		};
/* End PBXSourcesBuildPhase section */

/* Begin PBXVariantGroup section */
		9864053B1E22E30A00858F99 /* Main.storyboard */ = {
			isa = PBXVariantGroup;
			children = (
				9864053C1E22E30A00858F99 /* Base */,
			);
			name = Main.storyboard;
			sourceTree = "<group>";
		};
		986405401E22E30A00858F99 /* LaunchScreen.storyboard */ = {
			isa = PBXVariantGroup;
			children = (
				986405411E22E30A00858F99 /* Base */,
			);
			name = LaunchScreen.storyboard;
			sourceTree = "<group>";
		};
/* End PBXVariantGroup section */

/* Begin XCBuildConfiguration section */
		986405441E22E30A00858F99 /* Debug */ = {
			isa = XCBuildConfiguration;
			buildSettings = {
				ALWAYS_SEARCH_USER_PATHS = NO;
				CLANG_ANALYZER_NONNULL = YES;
				CLANG_CXX_LANGUAGE_STANDARD = "gnu++0x";
				CLANG_CXX_LIBRARY = "libc++";
				CLANG_ENABLE_MODULES = YES;
				CLANG_ENABLE_OBJC_ARC = YES;
				CLANG_WARN_BOOL_CONVERSION = YES;
				CLANG_WARN_CONSTANT_CONVERSION = YES;
				CLANG_WARN_DIRECT_OBJC_ISA_USAGE = YES_ERROR;
				CLANG_WARN_DOCUMENTATION_COMMENTS = YES;
				CLANG_WARN_EMPTY_BODY = YES;
				CLANG_WARN_ENUM_CONVERSION = YES;
				CLANG_WARN_INFINITE_RECURSION = YES;
				CLANG_WARN_INT_CONVERSION = YES;
				CLANG_WARN_OBJC_ROOT_CLASS = YES_ERROR;
				CLANG_WARN_SUSPICIOUS_MOVE = YES;
				CLANG_WARN_UNREACHABLE_CODE = YES;
				CLANG_WARN__DUPLICATE_METHOD_MATCH = YES;
				"CODE_SIGN_IDENTITY[sdk=iphoneos*]" = "iPhone Developer";
				COPY_PHASE_STRIP = NO;
				DEBUG_INFORMATION_FORMAT = dwarf;
				ENABLE_STRICT_OBJC_MSGSEND = YES;
				ENABLE_TESTABILITY = YES;
				GCC_C_LANGUAGE_STANDARD = gnu99;
				GCC_DYNAMIC_NO_PIC = NO;
				GCC_NO_COMMON_BLOCKS = YES;
				GCC_OPTIMIZATION_LEVEL = 0;
				GCC_PREPROCESSOR_DEFINITIONS = (
					"DEBUG=1",
					"$(inherited)",
				);
				GCC_WARN_64_TO_32_BIT_CONVERSION = YES;
				GCC_WARN_ABOUT_RETURN_TYPE = YES_ERROR;
				GCC_WARN_UNDECLARED_SELECTOR = YES;
				GCC_WARN_UNINITIALIZED_AUTOS = YES_AGGRESSIVE;
				GCC_WARN_UNUSED_FUNCTION = YES;
				GCC_WARN_UNUSED_VARIABLE = YES;
				IPHONEOS_DEPLOYMENT_TARGET = 10.2;
				MTL_ENABLE_DEBUG_INFO = YES;
				ONLY_ACTIVE_ARCH = YES;
				SDKROOT = iphoneos;
				SWIFT_ACTIVE_COMPILATION_CONDITIONS = DEBUG;
				SWIFT_OPTIMIZATION_LEVEL = "-Onone";
				TARGETED_DEVICE_FAMILY = "1,2";
			};
			name = Debug;
		};
		986405451E22E30A00858F99 /* Release */ = {
			isa = XCBuildConfiguration;
			buildSettings = {
				ALWAYS_SEARCH_USER_PATHS = NO;
				CLANG_ANALYZER_NONNULL = YES;
				CLANG_CXX_LANGUAGE_STANDARD = "gnu++0x";
				CLANG_CXX_LIBRARY = "libc++";
				CLANG_ENABLE_MODULES = YES;
				CLANG_ENABLE_OBJC_ARC = YES;
				CLANG_WARN_BOOL_CONVERSION = YES;
				CLANG_WARN_CONSTANT_CONVERSION = YES;
				CLANG_WARN_DIRECT_OBJC_ISA_USAGE = YES_ERROR;
				CLANG_WARN_DOCUMENTATION_COMMENTS = YES;
				CLANG_WARN_EMPTY_BODY = YES;
				CLANG_WARN_ENUM_CONVERSION = YES;
				CLANG_WARN_INFINITE_RECURSION = YES;
				CLANG_WARN_INT_CONVERSION = YES;
				CLANG_WARN_OBJC_ROOT_CLASS = YES_ERROR;
				CLANG_WARN_SUSPICIOUS_MOVE = YES;
				CLANG_WARN_UNREACHABLE_CODE = YES;
				CLANG_WARN__DUPLICATE_METHOD_MATCH = YES;
				"CODE_SIGN_IDENTITY[sdk=iphoneos*]" = "iPhone Developer";
				COPY_PHASE_STRIP = NO;
				DEBUG_INFORMATION_FORMAT = "dwarf-with-dsym";
				ENABLE_NS_ASSERTIONS = NO;
				ENABLE_STRICT_OBJC_MSGSEND = YES;
				GCC_C_LANGUAGE_STANDARD = gnu99;
				GCC_NO_COMMON_BLOCKS = YES;
				GCC_WARN_64_TO_32_BIT_CONVERSION = YES;
				GCC_WARN_ABOUT_RETURN_TYPE = YES_ERROR;
				GCC_WARN_UNDECLARED_SELECTOR = YES;
				GCC_WARN_UNINITIALIZED_AUTOS = YES_AGGRESSIVE;
				GCC_WARN_UNUSED_FUNCTION = YES;
				GCC_WARN_UNUSED_VARIABLE = YES;
				IPHONEOS_DEPLOYMENT_TARGET = 10.2;
				MTL_ENABLE_DEBUG_INFO = NO;
				SDKROOT = iphoneos;
				SWIFT_OPTIMIZATION_LEVEL = "-Owholemodule";
				TARGETED_DEVICE_FAMILY = "1,2";
				VALIDATE_PRODUCT = YES;
			};
			name = Release;
		};
		986405471E22E30A00858F99 /* Debug */ = {
			isa = XCBuildConfiguration;
			buildSettings = {
				ASSETCATALOG_COMPILER_APPICON_NAME = AppIcon;
				"CODE_SIGN_IDENTITY[sdk=iphoneos*]" = "iPhone Developer";
				DEVELOPMENT_TEAM = "";
				INFOPLIST_FILE = LyricsGenerator/Info.plist;
				LD_RUNPATH_SEARCH_PATHS = "$(inherited) @executable_path/Frameworks";
				PRODUCT_BUNDLE_IDENTIFIER = KS.LyricsGenerator;
				PRODUCT_NAME = "$(TARGET_NAME)";
				SWIFT_VERSION = 3.0;
			};
			name = Debug;
		};
		986405481E22E30A00858F99 /* Release */ = {
			isa = XCBuildConfiguration;
			buildSettings = {
				ASSETCATALOG_COMPILER_APPICON_NAME = AppIcon;
				"CODE_SIGN_IDENTITY[sdk=iphoneos*]" = "iPhone Developer";
				DEVELOPMENT_TEAM = "";
				INFOPLIST_FILE = LyricsGenerator/Info.plist;
				LD_RUNPATH_SEARCH_PATHS = "$(inherited) @executable_path/Frameworks";
				PRODUCT_BUNDLE_IDENTIFIER = KS.LyricsGenerator;
				PRODUCT_NAME = "$(TARGET_NAME)";
				SWIFT_VERSION = 3.0;
			};
			name = Release;
		};
/* End XCBuildConfiguration section */

/* Begin XCConfigurationList section */
		9864052F1E22E30A00858F99 /* Build configuration list for PBXProject "LyricsGenerator" */ = {
			isa = XCConfigurationList;
			buildConfigurations = (
				986405441E22E30A00858F99 /* Debug */,
				986405451E22E30A00858F99 /* Release */,
			);
			defaultConfigurationIsVisible = 0;
			defaultConfigurationName = Release;
		};
		986405461E22E30A00858F99 /* Build configuration list for PBXNativeTarget "LyricsGenerator" */ = {
			isa = XCConfigurationList;
			buildConfigurations = (
				986405471E22E30A00858F99 /* Debug */,
				986405481E22E30A00858F99 /* Release */,
			);
			defaultConfigurationIsVisible = 0;
		};
/* End XCConfigurationList section */
	};
	rootObject = 9864052C1E22E30A00858F99 /* Project object */;
}
